
Microsoft Visual Studio Solution File, Format Version 12.00
# Visual Studio 2012
Project("{F2A71F9B-5D33-465A-A702-920D77279786}") = "XmlLiteralsTypeProvider", "XmlLiteralsTypeProvider\XmlLiteralsTypeProvider.fsproj", "{F3C4E999-644B-4369-862C-A6337F9A4C87}"
EndProject
Project("{F2A71F9B-5D33-465A-A702-920D77279786}") = "ConsoleApplication2", "ConsoleApplication2\ConsoleApplication2.fsproj", "{3E5CECA5-C556-4985-B755-8F073F200225}"
EndProject
Global
	GlobalSection(SolutionConfigurationPlatforms) = preSolution
		Debug|Any CPU = Debug|Any CPU
		Release|Any CPU = Release|Any CPU
	EndGlobalSection
	GlobalSection(ProjectConfigurationPlatforms) = postSolution
		{F3C4E999-644B-4369-862C-A6337F9A4C87}.Debug|Any CPU.ActiveCfg = Debug|Any CPU
		{F3C4E999-644B-4369-862C-A6337F9A4C87}.Debug|Any CPU.Build.0 = Debug|Any CPU
		{F3C4E999-644B-4369-862C-A6337F9A4C87}.Release|Any CPU.ActiveCfg = Release|Any CPU
		{F3C4E999-644B-4369-862C-A6337F9A4C87}.Release|Any CPU.Build.0 = Release|Any CPU
		{3E5CECA5-C556-4985-B755-8F073F200225}.Debug|Any CPU.ActiveCfg = Debug|Any CPU
		{3E5CECA5-C556-4985-B755-8F073F200225}.Debug|Any CPU.Build.0 = Debug|Any CPU
		{3E5CECA5-C556-4985-B755-8F073F200225}.Release|Any CPU.ActiveCfg = Release|Any CPU
		{3E5CECA5-C556-4985-B755-8F073F200225}.Release|Any CPU.Build.0 = Release|Any CPU
	EndGlobalSection
	GlobalSection(SolutionProperties) = preSolution
		HideSolutionNode = FALSE
	EndGlobalSection
EndGlobal
